
Microsoft Visual Studio Solution File, Format Version 12.00
# Visual Studio Version 17
VisualStudioVersion = 17.7.33913.275
MinimumVisualStudioVersion = 10.0.40219.1
Project("{888888A0-9F3D-457C-B088-3A5042F75D52}") = "GradinaruLL", "GradinaruLL.pyproj", "{467B7925-CE5A-4743-91FD-C34ABAFC5F1F}"
EndProject
Global
	GlobalSection(SolutionConfigurationPlatforms) = preSolution
		Debug|Any CPU = Debug|Any CPU
		Release|Any CPU = Release|Any CPU
	EndGlobalSection
	GlobalSection(ProjectConfigurationPlatforms) = postSolution
		{467B7925-CE5A-4743-91FD-C34ABAFC5F1F}.Debug|Any CPU.ActiveCfg = Debug|Any CPU
		{467B7925-CE5A-4743-91FD-C34ABAFC5F1F}.Release|Any CPU.ActiveCfg = Release|Any CPU
	EndGlobalSection
	GlobalSection(SolutionProperties) = preSolution
		HideSolutionNode = FALSE
	EndGlobalSection
	GlobalSection(ExtensibilityGlobals) = postSolution
		SolutionGuid = {306E9A1F-3451-4876-A864-D71C6C08FCB6}
	EndGlobalSection
EndGlobal
